
Microsoft Visual Studio Solution File, Format Version 12.00
# Visual Studio Version 17
VisualStudioVersion = 17.14.37628.2 d17.14
MinimumVisualStudioVersion = 10.0.40219.1
Project("{FAE04EC0-301F-11D3-BF4B-00C04F79EFBC}") = "SynchronizationCompletionCoordinator", "SynchronizationCompletionCoordinator\SynchronizationCompletionCoordinator.csproj", "{A8294955-0E6B-45D6-86CC-5DAC6E94030C}"
EndProject
Global
	GlobalSection(SolutionConfigurationPlatforms) = preSolution
		Debug|Any CPU = Debug|Any CPU
		Release|Any CPU = Release|Any CPU
	EndGlobalSection
	GlobalSection(ProjectConfigurationPlatforms) = postSolution
		{A8294955-0E6B-45D6-86CC-5DAC6E94030C}.Debug|Any CPU.ActiveCfg = Debug|Any CPU
		{A8294955-0E6B-45D6-86CC-5DAC6E94030C}.Debug|Any CPU.Build.0 = Debug|Any CPU
		{A8294955-0E6B-45D6-86CC-5DAC6E94030C}.Release|Any CPU.ActiveCfg = Release|Any CPU
		{A8294955-0E6B-45D6-86CC-5DAC6E94030C}.Release|Any CPU.Build.0 = Release|Any CPU
	EndGlobalSection
	GlobalSection(SolutionProperties) = preSolution
		HideSolutionNode = FALSE
	EndGlobalSection
	GlobalSection(ExtensibilityGlobals) = postSolution
		SolutionGuid = {E2019413-4960-42BD-B0DD-4E9F8644DCC3}
	EndGlobalSection
EndGlobal
